
Microsoft Visual Studio Solution File, Format Version 12.00
# Visual Studio 14
VisualStudioVersion = 14.0.25420.1
MinimumVisualStudioVersion = 10.0.40219.1
Project("{FAE04EC0-301F-11D3-BF4B-00C04F79EFBC}") = "AMS.BllService", "AMS.BllService\AMS.BllService.csproj", "{110A5FE9-68EA-4416-B7F5-599644F989D5}"
EndProject
Project("{FAE04EC0-301F-11D3-BF4B-00C04F79EFBC}") = "AMS.DAL", "AMS.DAL\AMS.DAL.csproj", "{74834339-F663-4FB5-A4F3-6860FC822B99}"
EndProject
Project("{FAE04EC0-301F-11D3-BF4B-00C04F79EFBC}") = "AMS.IBllService", "AMS.IBllService\AMS.IBllService.csproj", "{B0CF0C3C-DA9A-4BC0-82EB-24277A1AF8C9}"
EndProject
Project("{FAE04EC0-301F-11D3-BF4B-00C04F79EFBC}") = "AMS.Model", "AMS.Model\AMS.Model.csproj", "{E523D887-004C-41D9-B9A3-6FC088C9CF92}"
EndProject
Project("{FAE04EC0-301F-11D3-BF4B-00C04F79EFBC}") = "AMS.WCFService", "AMS.Service\AMS.WCFService.csproj", "{9940B310-1701-4C5A-AC94-1C400ACBC6E7}"
EndProject
Project("{FAE04EC0-301F-11D3-BF4B-00C04F79EFBC}") = "AMS.ServiceHost", "AMS.ServiceHost\AMS.ServiceHost.csproj", "{251EBFC9-C538-4B8C-80FE-E9D8DC947D69}"
EndProject
Project("{FAE04EC0-301F-11D3-BF4B-00C04F79EFBC}") = "AppMessagePush", "AppMessagePush\AppMessagePush.csproj", "{F7DE6FE3-7CB8-4A09-B29E-C3CD869B7B3D}"
EndProject
Project("{FAE04EC0-301F-11D3-BF4B-00C04F79EFBC}") = "AuthorizeVerify", "AuthorizeVerify\AuthorizeVerify.csproj", "{7CEE58EC-8892-40D3-8DC3-4231054851D3}"
EndProject
Project("{FAE04EC0-301F-11D3-BF4B-00C04F79EFBC}") = "DBUtility", "DBUtility\DBUtility.csproj", "{E36B0E11-7FC9-4224-850F-E10CB57FB284}"
EndProject
Project("{FAE04EC0-301F-11D3-BF4B-00C04F79EFBC}") = "EnumType", "EnumType\EnumType.csproj", "{3E7C2198-F6B3-4FAE-8EBF-2271E752DFF3}"
EndProject
Project("{FAE04EC0-301F-11D3-BF4B-00C04F79EFBC}") = "IService", "IService\IService.csproj", "{2F8165A3-5F0A-4516-8185-15A1A9708E00}"
EndProject
Project("{FAE04EC0-301F-11D3-BF4B-00C04F79EFBC}") = "IWCFService", "IWCFService\IWCFService.csproj", "{F7C44CB4-96BD-4B90-BC1A-A4313D362FE9}"
EndProject
Project("{FAE04EC0-301F-11D3-BF4B-00C04F79EFBC}") = "IWCFService.TransportService", "IWCFService.TransportService\IWCFService.TransportService.csproj", "{19B2BF43-EB86-450B-80C5-9BE4ADFA5420}"
EndProject
Project("{FAE04EC0-301F-11D3-BF4B-00C04F79EFBC}") = "SeatManage.Middleware", "SeatManage.DataTransfersTcpServer\SeatManage.Middleware.csproj", "{54D9E3A2-4F16-4CC5-91F3-C2B4AA756476}"
EndProject
Project("{FAE04EC0-301F-11D3-BF4B-00C04F79EFBC}") = "SeatManageClassModel", "SeatManageClassModel\SeatManageClassModel.csproj", "{E90FBBAD-98DA-4A34-B620-26DA9ADDDF85}"
EndProject
Project("{FAE04EC0-301F-11D3-BF4B-00C04F79EFBC}") = "SeatManageComm", "SeatManageComm\SeatManageComm.csproj", "{19063808-3340-4563-8B40-573D8DD0BABA}"
EndProject
Project("{FAE04EC0-301F-11D3-BF4B-00C04F79EFBC}") = "SocketLib", "SocketLib\SocketLib.csproj", "{B931780F-450B-4A94-AFA7-3D71292D8734}"
EndProject
Project("{FAE04EC0-301F-11D3-BF4B-00C04F79EFBC}") = "SocketMsgData", "SocketMsgData\SocketMsgData.csproj", "{36DF0AE9-6B7C-4B88-8B93-77F87C8D880D}"
EndProject
Project("{FAE04EC0-301F-11D3-BF4B-00C04F79EFBC}") = "WcfServiceForTransportService", "WcfServiceForTransportService\WcfServiceForTransportService.csproj", "{D9345B2F-BC00-4797-894C-553F15FD2DB5}"
EndProject
Global
	GlobalSection(SolutionConfigurationPlatforms) = preSolution
		Debug|Any CPU = Debug|Any CPU
		Debug|x86 = Debug|x86
		Release|Any CPU = Release|Any CPU
		Release|x86 = Release|x86
	EndGlobalSection
	GlobalSection(ProjectConfigurationPlatforms) = postSolution
		{110A5FE9-68EA-4416-B7F5-599644F989D5}.Debug|Any CPU.ActiveCfg = Debug|Any CPU
		{110A5FE9-68EA-4416-B7F5-599644F989D5}.Debug|Any CPU.Build.0 = Debug|Any CPU
		{110A5FE9-68EA-4416-B7F5-599644F989D5}.Debug|x86.ActiveCfg = Debug|x86
		{110A5FE9-68EA-4416-B7F5-599644F989D5}.Debug|x86.Build.0 = Debug|x86
		{110A5FE9-68EA-4416-B7F5-599644F989D5}.Release|Any CPU.ActiveCfg = Release|Any CPU
		{110A5FE9-68EA-4416-B7F5-599644F989D5}.Release|Any CPU.Build.0 = Release|Any CPU
		{110A5FE9-68EA-4416-B7F5-599644F989D5}.Release|x86.ActiveCfg = Release|x86
		{110A5FE9-68EA-4416-B7F5-599644F989D5}.Release|x86.Build.0 = Release|x86
		{74834339-F663-4FB5-A4F3-6860FC822B99}.Debug|Any CPU.ActiveCfg = Debug|Any CPU
		{74834339-F663-4FB5-A4F3-6860FC822B99}.Debug|Any CPU.Build.0 = Debug|Any CPU
		{74834339-F663-4FB5-A4F3-6860FC822B99}.Debug|x86.ActiveCfg = Debug|x86
		{74834339-F663-4FB5-A4F3-6860FC822B99}.Debug|x86.Build.0 = Debug|x86
		{74834339-F663-4FB5-A4F3-6860FC822B99}.Release|Any CPU.ActiveCfg = Release|Any CPU
		{74834339-F663-4FB5-A4F3-6860FC822B99}.Release|Any CPU.Build.0 = Release|Any CPU
		{74834339-F663-4FB5-A4F3-6860FC822B99}.Release|x86.ActiveCfg = Release|x86
		{74834339-F663-4FB5-A4F3-6860FC822B99}.Release|x86.Build.0 = Release|x86
		{B0CF0C3C-DA9A-4BC0-82EB-24277A1AF8C9}.Debug|Any CPU.ActiveCfg = Debug|Any CPU
		{B0CF0C3C-DA9A-4BC0-82EB-24277A1AF8C9}.Debug|Any CPU.Build.0 = Debug|Any CPU
		{B0CF0C3C-DA9A-4BC0-82EB-24277A1AF8C9}.Debug|x86.ActiveCfg = Debug|x86
		{B0CF0C3C-DA9A-4BC0-82EB-24277A1AF8C9}.Debug|x86.Build.0 = Debug|x86
		{B0CF0C3C-DA9A-4BC0-82EB-24277A1AF8C9}.Release|Any CPU.ActiveCfg = Release|Any CPU
		{B0CF0C3C-DA9A-4BC0-82EB-24277A1AF8C9}.Release|Any CPU.Build.0 = Release|Any CPU
		{B0CF0C3C-DA9A-4BC0-82EB-24277A1AF8C9}.Release|x86.ActiveCfg = Release|x86
		{B0CF0C3C-DA9A-4BC0-82EB-24277A1AF8C9}.Release|x86.Build.0 = Release|x86
		{E523D887-004C-41D9-B9A3-6FC088C9CF92}.Debug|Any CPU.ActiveCfg = Debug|Any CPU
		{E523D887-004C-41D9-B9A3-6FC088C9CF92}.Debug|Any CPU.Build.0 = Debug|Any CPU
		{E523D887-004C-41D9-B9A3-6FC088C9CF92}.Debug|x86.ActiveCfg = Debug|x86
		{E523D887-004C-41D9-B9A3-6FC088C9CF92}.Debug|x86.Build.0 = Debug|x86
		{E523D887-004C-41D9-B9A3-6FC088C9CF92}.Release|Any CPU.ActiveCfg = Release|Any CPU
		{E523D887-004C-41D9-B9A3-6FC088C9CF92}.Release|Any CPU.Build.0 = Release|Any CPU
		{E523D887-004C-41D9-B9A3-6FC088C9CF92}.Release|x86.ActiveCfg = Release|x86
		{E523D887-004C-41D9-B9A3-6FC088C9CF92}.Release|x86.Build.0 = Release|x86
		{9940B310-1701-4C5A-AC94-1C400ACBC6E7}.Debug|Any CPU.ActiveCfg = Debug|Any CPU
		{9940B310-1701-4C5A-AC94-1C400ACBC6E7}.Debug|Any CPU.Build.0 = Debug|Any CPU
		{9940B310-1701-4C5A-AC94-1C400ACBC6E7}.Debug|x86.ActiveCfg = Debug|x86
		{9940B310-1701-4C5A-AC94-1C400ACBC6E7}.Debug|x86.Build.0 = Debug|x86
		{9940B310-1701-4C5A-AC94-1C400ACBC6E7}.Release|Any CPU.ActiveCfg = Release|Any CPU
		{9940B310-1701-4C5A-AC94-1C400ACBC6E7}.Release|Any CPU.Build.0 = Release|Any CPU
		{9940B310-1701-4C5A-AC94-1C400ACBC6E7}.Release|x86.ActiveCfg = Release|x86
		{9940B310-1701-4C5A-AC94-1C400ACBC6E7}.Release|x86.Build.0 = Release|x86
		{251EBFC9-C538-4B8C-80FE-E9D8DC947D69}.Debug|Any CPU.ActiveCfg = Debug|x86
		{251EBFC9-C538-4B8C-80FE-E9D8DC947D69}.Debug|x86.ActiveCfg = Debug|x86
		{251EBFC9-C538-4B8C-80FE-E9D8DC947D69}.Debug|x86.Build.0 = Debug|x86
		{251EBFC9-C538-4B8C-80FE-E9D8DC947D69}.Release|Any CPU.ActiveCfg = Release|x86
		{251EBFC9-C538-4B8C-80FE-E9D8DC947D69}.Release|x86.ActiveCfg = Release|x86
		{251EBFC9-C538-4B8C-80FE-E9D8DC947D69}.Release|x86.Build.0 = Release|x86
		{F7DE6FE3-7CB8-4A09-B29E-C3CD869B7B3D}.Debug|Any CPU.ActiveCfg = Debug|Any CPU
		{F7DE6FE3-7CB8-4A09-B29E-C3CD869B7B3D}.Debug|Any CPU.Build.0 = Debug|Any CPU
		{F7DE6FE3-7CB8-4A09-B29E-C3CD869B7B3D}.Debug|x86.ActiveCfg = Debug|Any CPU
		{F7DE6FE3-7CB8-4A09-B29E-C3CD869B7B3D}.Debug|x86.Build.0 = Debug|Any CPU
		{F7DE6FE3-7CB8-4A09-B29E-C3CD869B7B3D}.Release|Any CPU.ActiveCfg = Release|Any CPU
		{F7DE6FE3-7CB8-4A09-B29E-C3CD869B7B3D}.Release|Any CPU.Build.0 = Release|Any CPU
		{F7DE6FE3-7CB8-4A09-B29E-C3CD869B7B3D}.Release|x86.ActiveCfg = Release|Any CPU
		{F7DE6FE3-7CB8-4A09-B29E-C3CD869B7B3D}.Release|x86.Build.0 = Release|Any CPU
		{7CEE58EC-8892-40D3-8DC3-4231054851D3}.Debug|Any CPU.ActiveCfg = Debug|Any CPU
		{7CEE58EC-8892-40D3-8DC3-4231054851D3}.Debug|Any CPU.Build.0 = Debug|Any CPU
		{7CEE58EC-8892-40D3-8DC3-4231054851D3}.Debug|x86.ActiveCfg = Debug|x86
		{7CEE58EC-8892-40D3-8DC3-4231054851D3}.Debug|x86.Build.0 = Debug|x86
		{7CEE58EC-8892-40D3-8DC3-4231054851D3}.Release|Any CPU.ActiveCfg = Release|Any CPU
		{7CEE58EC-8892-40D3-8DC3-4231054851D3}.Release|Any CPU.Build.0 = Release|Any CPU
		{7CEE58EC-8892-40D3-8DC3-4231054851D3}.Release|x86.ActiveCfg = Release|x86
		{7CEE58EC-8892-40D3-8DC3-4231054851D3}.Release|x86.Build.0 = Release|x86
		{E36B0E11-7FC9-4224-850F-E10CB57FB284}.Debug|Any CPU.ActiveCfg = Debug|Any CPU
		{E36B0E11-7FC9-4224-850F-E10CB57FB284}.Debug|Any CPU.Build.0 = Debug|Any CPU
		{E36B0E11-7FC9-4224-850F-E10CB57FB284}.Debug|x86.ActiveCfg = Debug|x86
		{E36B0E11-7FC9-4224-850F-E10CB57FB284}.Debug|x86.Build.0 = Debug|x86
		{E36B0E11-7FC9-4224-850F-E10CB57FB284}.Release|Any CPU.ActiveCfg = Release|Any CPU
		{E36B0E11-7FC9-4224-850F-E10CB57FB284}.Release|Any CPU.Build.0 = Release|Any CPU
		{E36B0E11-7FC9-4224-850F-E10CB57FB284}.Release|x86.ActiveCfg = Release|x86
		{E36B0E11-7FC9-4224-850F-E10CB57FB284}.Release|x86.Build.0 = Release|x86
		{3E7C2198-F6B3-4FAE-8EBF-2271E752DFF3}.Debug|Any CPU.ActiveCfg = Debug|Any CPU
		{3E7C2198-F6B3-4FAE-8EBF-2271E752DFF3}.Debug|Any CPU.Build.0 = Debug|Any CPU
		{3E7C2198-F6B3-4FAE-8EBF-2271E752DFF3}.Debug|x86.ActiveCfg = Debug|x86
		{3E7C2198-F6B3-4FAE-8EBF-2271E752DFF3}.Debug|x86.Build.0 = Debug|x86
		{3E7C2198-F6B3-4FAE-8EBF-2271E752DFF3}.Release|Any CPU.ActiveCfg = Release|Any CPU
		{3E7C2198-F6B3-4FAE-8EBF-2271E752DFF3}.Release|Any CPU.Build.0 = Release|Any CPU
		{3E7C2198-F6B3-4FAE-8EBF-2271E752DFF3}.Release|x86.ActiveCfg = Release|x86
		{3E7C2198-F6B3-4FAE-8EBF-2271E752DFF3}.Release|x86.Build.0 = Release|x86
		{2F8165A3-5F0A-4516-8185-15A1A9708E00}.Debug|Any CPU.ActiveCfg = Debug|Any CPU
		{2F8165A3-5F0A-4516-8185-15A1A9708E00}.Debug|Any CPU.Build.0 = Debug|Any CPU
		{2F8165A3-5F0A-4516-8185-15A1A9708E00}.Debug|x86.ActiveCfg = Debug|x86
		{2F8165A3-5F0A-4516-8185-15A1A9708E00}.Debug|x86.Build.0 = Debug|x86
		{2F8165A3-5F0A-4516-8185-15A1A9708E00}.Release|Any CPU.ActiveCfg = Release|Any CPU
		{2F8165A3-5F0A-4516-8185-15A1A9708E00}.Release|Any CPU.Build.0 = Release|Any CPU
		{2F8165A3-5F0A-4516-8185-15A1A9708E00}.Release|x86.ActiveCfg = Release|x86
		{2F8165A3-5F0A-4516-8185-15A1A9708E00}.Release|x86.Build.0 = Release|x86
		{F7C44CB4-96BD-4B90-BC1A-A4313D362FE9}.Debug|Any CPU.ActiveCfg = Debug|Any CPU
		{F7C44CB4-96BD-4B90-BC1A-A4313D362FE9}.Debug|Any CPU.Build.0 = Debug|Any CPU
		{F7C44CB4-96BD-4B90-BC1A-A4313D362FE9}.Debug|x86.ActiveCfg = Debug|x86
		{F7C44CB4-96BD-4B90-BC1A-A4313D362FE9}.Debug|x86.Build.0 = Debug|x86
		{F7C44CB4-96BD-4B90-BC1A-A4313D362FE9}.Release|Any CPU.ActiveCfg = Release|Any CPU
		{F7C44CB4-96BD-4B90-BC1A-A4313D362FE9}.Release|Any CPU.Build.0 = Release|Any CPU
		{F7C44CB4-96BD-4B90-BC1A-A4313D362FE9}.Release|x86.ActiveCfg = Release|x86
		{F7C44CB4-96BD-4B90-BC1A-A4313D362FE9}.Release|x86.Build.0 = Release|x86
		{19B2BF43-EB86-450B-80C5-9BE4ADFA5420}.Debug|Any CPU.ActiveCfg = Debug|Any CPU
		{19B2BF43-EB86-450B-80C5-9BE4ADFA5420}.Debug|Any CPU.Build.0 = Debug|Any CPU
		{19B2BF43-EB86-450B-80C5-9BE4ADFA5420}.Debug|x86.ActiveCfg = Debug|x86
		{19B2BF43-EB86-450B-80C5-9BE4ADFA5420}.Debug|x86.Build.0 = Debug|x86
		{19B2BF43-EB86-450B-80C5-9BE4ADFA5420}.Release|Any CPU.ActiveCfg = Release|Any CPU
		{19B2BF43-EB86-450B-80C5-9BE4ADFA5420}.Release|Any CPU.Build.0 = Release|Any CPU
		{19B2BF43-EB86-450B-80C5-9BE4ADFA5420}.Release|x86.ActiveCfg = Release|x86
		{19B2BF43-EB86-450B-80C5-9BE4ADFA5420}.Release|x86.Build.0 = Release|x86
		{54D9E3A2-4F16-4CC5-91F3-C2B4AA756476}.Debug|Any CPU.ActiveCfg = Debug|Any CPU
		{54D9E3A2-4F16-4CC5-91F3-C2B4AA756476}.Debug|Any CPU.Build.0 = Debug|Any CPU
		{54D9E3A2-4F16-4CC5-91F3-C2B4AA756476}.Debug|x86.ActiveCfg = Debug|x86
		{54D9E3A2-4F16-4CC5-91F3-C2B4AA756476}.Debug|x86.Build.0 = Debug|x86
		{54D9E3A2-4F16-4CC5-91F3-C2B4AA756476}.Release|Any CPU.ActiveCfg = Release|Any CPU
		{54D9E3A2-4F16-4CC5-91F3-C2B4AA756476}.Release|Any CPU.Build.0 = Release|Any CPU
		{54D9E3A2-4F16-4CC5-91F3-C2B4AA756476}.Release|x86.ActiveCfg = Release|x86
		{54D9E3A2-4F16-4CC5-91F3-C2B4AA756476}.Release|x86.Build.0 = Release|x86
		{E90FBBAD-98DA-4A34-B620-26DA9ADDDF85}.Debug|Any CPU.ActiveCfg = Debug|Any CPU
		{E90FBBAD-98DA-4A34-B620-26DA9ADDDF85}.Debug|Any CPU.Build.0 = Debug|Any CPU
		{E90FBBAD-98DA-4A34-B620-26DA9ADDDF85}.Debug|x86.ActiveCfg = Debug|x86
		{E90FBBAD-98DA-4A34-B620-26DA9ADDDF85}.Debug|x86.Build.0 = Debug|x86
		{E90FBBAD-98DA-4A34-B620-26DA9ADDDF85}.Release|Any CPU.ActiveCfg = Release|Any CPU
		{E90FBBAD-98DA-4A34-B620-26DA9ADDDF85}.Release|Any CPU.Build.0 = Release|Any CPU
		{E90FBBAD-98DA-4A34-B620-26DA9ADDDF85}.Release|x86.ActiveCfg = Release|x86
		{E90FBBAD-98DA-4A34-B620-26DA9ADDDF85}.Release|x86.Build.0 = Release|x86
		{19063808-3340-4563-8B40-573D8DD0BABA}.Debug|Any CPU.ActiveCfg = Debug|Any CPU
		{19063808-3340-4563-8B40-573D8DD0BABA}.Debug|Any CPU.Build.0 = Debug|Any CPU
		{19063808-3340-4563-8B40-573D8DD0BABA}.Debug|x86.ActiveCfg = Debug|x86
		{19063808-3340-4563-8B40-573D8DD0BABA}.Debug|x86.Build.0 = Debug|x86
		{19063808-3340-4563-8B40-573D8DD0BABA}.Release|Any CPU.ActiveCfg = Release|Any CPU
		{19063808-3340-4563-8B40-573D8DD0BABA}.Release|Any CPU.Build.0 = Release|Any CPU
		{19063808-3340-4563-8B40-573D8DD0BABA}.Release|x86.ActiveCfg = Release|x86
		{19063808-3340-4563-8B40-573D8DD0BABA}.Release|x86.Build.0 = Release|x86
		{B931780F-450B-4A94-AFA7-3D71292D8734}.Debug|Any CPU.ActiveCfg = Debug|Any CPU
		{B931780F-450B-4A94-AFA7-3D71292D8734}.Debug|Any CPU.Build.0 = Debug|Any CPU
		{B931780F-450B-4A94-AFA7-3D71292D8734}.Debug|x86.ActiveCfg = Debug|x86
		{B931780F-450B-4A94-AFA7-3D71292D8734}.Debug|x86.Build.0 = Debug|x86
		{B931780F-450B-4A94-AFA7-3D71292D8734}.Release|Any CPU.ActiveCfg = Release|Any CPU
		{B931780F-450B-4A94-AFA7-3D71292D8734}.Release|Any CPU.Build.0 = Release|Any CPU
		{B931780F-450B-4A94-AFA7-3D71292D8734}.Release|x86.ActiveCfg = Release|x86
		{B931780F-450B-4A94-AFA7-3D71292D8734}.Release|x86.Build.0 = Release|x86
		{36DF0AE9-6B7C-4B88-8B93-77F87C8D880D}.Debug|Any CPU.ActiveCfg = Debug|Any CPU
		{36DF0AE9-6B7C-4B88-8B93-77F87C8D880D}.Debug|Any CPU.Build.0 = Debug|Any CPU
		{36DF0AE9-6B7C-4B88-8B93-77F87C8D880D}.Debug|x86.ActiveCfg = Debug|x86
		{36DF0AE9-6B7C-4B88-8B93-77F87C8D880D}.Debug|x86.Build.0 = Debug|x86
		{36DF0AE9-6B7C-4B88-8B93-77F87C8D880D}.Release|Any CPU.ActiveCfg = Release|Any CPU
		{36DF0AE9-6B7C-4B88-8B93-77F87C8D880D}.Release|Any CPU.Build.0 = Release|Any CPU
		{36DF0AE9-6B7C-4B88-8B93-77F87C8D880D}.Release|x86.ActiveCfg = Release|x86
		{36DF0AE9-6B7C-4B88-8B93-77F87C8D880D}.Release|x86.Build.0 = Release|x86
		{D9345B2F-BC00-4797-894C-553F15FD2DB5}.Debug|Any CPU.ActiveCfg = Debug|Any CPU
		{D9345B2F-BC00-4797-894C-553F15FD2DB5}.Debug|Any CPU.Build.0 = Debug|Any CPU
		{D9345B2F-BC00-4797-894C-553F15FD2DB5}.Debug|x86.ActiveCfg = Debug|x86
		{D9345B2F-BC00-4797-894C-553F15FD2DB5}.Debug|x86.Build.0 = Debug|x86
		{D9345B2F-BC00-4797-894C-553F15FD2DB5}.Release|Any CPU.ActiveCfg = Release|Any CPU
		{D9345B2F-BC00-4797-894C-553F15FD2DB5}.Release|Any CPU.Build.0 = Release|Any CPU
		{D9345B2F-BC00-4797-894C-553F15FD2DB5}.Release|x86.ActiveCfg = Release|x86
		{D9345B2F-BC00-4797-894C-553F15FD2DB5}.Release|x86.Build.0 = Release|x86
	EndGlobalSection
	GlobalSection(SolutionProperties) = preSolution
		HideSolutionNode = FALSE
	EndGlobalSection
EndGlobal
